// !$*UTF8*$!
{
	archiveVersion = 1;
	classes = {
	};
	objectVersion = 50;
	objects = {

/* Begin PBXBuildFile section */
		0ED5FD1827F3CB7FBF112632 /* Pods_TestAppTests.framework in Frameworks */ = {isa = PBXBuildFile; fileRef = 952C203D4D8C84DC41D20409 /* Pods_TestAppTests.framework */; };
		64B424706D8696B5CDE76F86 /* Pods_TestApp.framework in Frameworks */ = {isa = PBXBuildFile; fileRef = 25AA68DC0F7EA2CC60C219D5 /* Pods_TestApp.framework */; };
		85874B8CC4493271E8B4C185 /* Pods_TestApp_TestAppUITests.framework in Frameworks */ = {isa = PBXBuildFile; fileRef = 907BD16A0D0F3A17A1C478E8 /* Pods_TestApp_TestAppUITests.framework */; };
		CB8D3E75270DD0E50081F430 /* AppDelegate.swift in Sources */ = {isa = PBXBuildFile; fileRef = CB8D3E74270DD0E50081F430 /* AppDelegate.swift */; };
		CB8D3E77270DD0E50081F430 /* SceneDelegate.swift in Sources */ = {isa = PBXBuildFile; fileRef = CB8D3E76270DD0E50081F430 /* SceneDelegate.swift */; };
		CB8D3E79270DD0E50081F430 /* ViewController.swift in Sources */ = {isa = PBXBuildFile; fileRef = CB8D3E78270DD0E50081F430 /* ViewController.swift */; };
		CB8D3E7C270DD0E50081F430 /* Main.storyboard in Resources */ = {isa = PBXBuildFile; fileRef = CB8D3E7A270DD0E50081F430 /* Main.storyboard */; };
		CB8D3E7E270DD0E60081F430 /* Assets.xcassets in Resources */ = {isa = PBXBuildFile; fileRef = CB8D3E7D270DD0E60081F430 /* Assets.xcassets */; };
		CB8D3E81270DD0E60081F430 /* LaunchScreen.storyboard in Resources */ = {isa = PBXBuildFile; fileRef = CB8D3E7F270DD0E60081F430 /* LaunchScreen.storyboard */; };
		CB8D3E8C270DD0E70081F430 /* TestAppTests.swift in Sources */ = {isa = PBXBuildFile; fileRef = CB8D3E8B270DD0E70081F430 /* TestAppTests.swift */; };
		CB8D3E97270DD0E70081F430 /* TestAppUITests.swift in Sources */ = {isa = PBXBuildFile; fileRef = CB8D3E96270DD0E70081F430 /* TestAppUITests.swift */; };
/* End PBXBuildFile section */

/* Begin PBXContainerItemProxy section */
		CB8D3E88270DD0E70081F430 /* PBXContainerItemProxy */ = {
			isa = PBXContainerItemProxy;
			containerPortal = CB8D3E69270DD0E50081F430 /* Project object */;
			proxyType = 1;
			remoteGlobalIDString = CB8D3E70270DD0E50081F430;
			remoteInfo = TestApp;
		};
		CB8D3E93270DD0E70081F430 /* PBXContainerItemProxy */ = {
			isa = PBXContainerItemProxy;
			containerPortal = CB8D3E69270DD0E50081F430 /* Project object */;
			proxyType = 1;
			remoteGlobalIDString = CB8D3E70270DD0E50081F430;
			remoteInfo = TestApp;
		};
/* End PBXContainerItemProxy section */

/* Begin PBXFileReference section */
		25AA68DC0F7EA2CC60C219D5 /* Pods_TestApp.framework */ = {isa = PBXFileReference; explicitFileType = wrapper.framework; includeInIndex = 0; path = Pods_TestApp.framework; sourceTree = BUILT_PRODUCTS_DIR; };
		907BD16A0D0F3A17A1C478E8 /* Pods_TestApp_TestAppUITests.framework */ = {isa = PBXFileReference; explicitFileType = wrapper.framework; includeInIndex = 0; path = Pods_TestApp_TestAppUITests.framework; sourceTree = BUILT_PRODUCTS_DIR; };
		952C203D4D8C84DC41D20409 /* Pods_TestAppTests.framework */ = {isa = PBXFileReference; explicitFileType = wrapper.framework; includeInIndex = 0; path = Pods_TestAppTests.framework; sourceTree = BUILT_PRODUCTS_DIR; };
		BFB035377369B17E97687E8C /* Pods-TestApp-TestAppUITests.debug.xcconfig */ = {isa = PBXFileReference; includeInIndex = 1; lastKnownFileType = text.xcconfig; name = "Pods-TestApp-TestAppUITests.debug.xcconfig"; path = "Target Support Files/Pods-TestApp-TestAppUITests/Pods-TestApp-TestAppUITests.debug.xcconfig"; sourceTree = "<group>"; };
		CAB95A9D607401AD6A3396F8 /* Pods-TestApp.debug.xcconfig */ = {isa = PBXFileReference; includeInIndex = 1; lastKnownFileType = text.xcconfig; name = "Pods-TestApp.debug.xcconfig"; path = "Target Support Files/Pods-TestApp/Pods-TestApp.debug.xcconfig"; sourceTree = "<group>"; };
		CB8D3E71270DD0E50081F430 /* TestApp.app */ = {isa = PBXFileReference; explicitFileType = wrapper.application; includeInIndex = 0; path = TestApp.app; sourceTree = BUILT_PRODUCTS_DIR; };
		CB8D3E74270DD0E50081F430 /* AppDelegate.swift */ = {isa = PBXFileReference; lastKnownFileType = sourcecode.swift; path = AppDelegate.swift; sourceTree = "<group>"; };
		CB8D3E76270DD0E50081F430 /* SceneDelegate.swift */ = {isa = PBXFileReference; lastKnownFileType = sourcecode.swift; path = SceneDelegate.swift; sourceTree = "<group>"; };
		CB8D3E78270DD0E50081F430 /* ViewController.swift */ = {isa = PBXFileReference; lastKnownFileType = sourcecode.swift; path = ViewController.swift; sourceTree = "<group>"; };
		CB8D3E7B270DD0E50081F430 /* Base */ = {isa = PBXFileReference; lastKnownFileType = file.storyboard; name = Base; path = Base.lproj/Main.storyboard; sourceTree = "<group>"; };
		CB8D3E7D270DD0E60081F430 /* Assets.xcassets */ = {isa = PBXFileReference; lastKnownFileType = folder.assetcatalog; path = Assets.xcassets; sourceTree = "<group>"; };
		CB8D3E80270DD0E60081F430 /* Base */ = {isa = PBXFileReference; lastKnownFileType = file.storyboard; name = Base; path = Base.lproj/LaunchScreen.storyboard; sourceTree = "<group>"; };
		CB8D3E82270DD0E60081F430 /* Info.plist */ = {isa = PBXFileReference; lastKnownFileType = text.plist.xml; path = Info.plist; sourceTree = "<group>"; };
		CB8D3E87270DD0E70081F430 /* TestAppTests.xctest */ = {isa = PBXFileReference; explicitFileType = wrapper.cfbundle; includeInIndex = 0; path = TestAppTests.xctest; sourceTree = BUILT_PRODUCTS_DIR; };
		CB8D3E8B270DD0E70081F430 /* TestAppTests.swift */ = {isa = PBXFileReference; lastKnownFileType = sourcecode.swift; path = TestAppTests.swift; sourceTree = "<group>"; };
		CB8D3E8D270DD0E70081F430 /* Info.plist */ = {isa = PBXFileReference; lastKnownFileType = text.plist.xml; path = Info.plist; sourceTree = "<group>"; };
		CB8D3E92270DD0E70081F430 /* TestAppUITests.xctest */ = {isa = PBXFileReference; explicitFileType = wrapper.cfbundle; includeInIndex = 0; path = TestAppUITests.xctest; sourceTree = BUILT_PRODUCTS_DIR; };
		CB8D3E96270DD0E70081F430 /* TestAppUITests.swift */ = {isa = PBXFileReference; lastKnownFileType = sourcecode.swift; path = TestAppUITests.swift; sourceTree = "<group>"; };
		CB8D3E98270DD0E70081F430 /* Info.plist */ = {isa = PBXFileReference; lastKnownFileType = text.plist.xml; path = Info.plist; sourceTree = "<group>"; };
		D5C50A297FF767BCA3BEC739 /* Pods-TestAppTests.debug.xcconfig */ = {isa = PBXFileReference; includeInIndex = 1; lastKnownFileType = text.xcconfig; name = "Pods-TestAppTests.debug.xcconfig"; path = "Target Support Files/Pods-TestAppTests/Pods-TestAppTests.debug.xcconfig"; sourceTree = "<group>"; };
		F5A18D69137986A9A747400E /* Pods-TestAppTests.release.xcconfig */ = {isa = PBXFileReference; includeInIndex = 1; lastKnownFileType = text.xcconfig; name = "Pods-TestAppTests.release.xcconfig"; path = "Target Support Files/Pods-TestAppTests/Pods-TestAppTests.release.xcconfig"; sourceTree = "<group>"; };
		FB3AFDC75355DE02CE507935 /* Pods-TestApp.release.xcconfig */ = {isa = PBXFileReference; includeInIndex = 1; lastKnownFileType = text.xcconfig; name = "Pods-TestApp.release.xcconfig"; path = "Target Support Files/Pods-TestApp/Pods-TestApp.release.xcconfig"; sourceTree = "<group>"; };
		FDEA87D9B20E93F6CCFD066B /* Pods-TestApp-TestAppUITests.release.xcconfig */ = {isa = PBXFileReference; includeInIndex = 1; lastKnownFileType = text.xcconfig; name = "Pods-TestApp-TestAppUITests.release.xcconfig"; path = "Target Support Files/Pods-TestApp-TestAppUITests/Pods-TestApp-TestAppUITests.release.xcconfig"; sourceTree = "<group>"; };
/* End PBXFileReference section */

/* Begin PBXFrameworksBuildPhase section */
		CB8D3E6E270DD0E50081F430 /* Frameworks */ = {
			isa = PBXFrameworksBuildPhase;
			buildActionMask = 2147483647;
			files = (
				64B424706D8696B5CDE76F86 /* Pods_TestApp.framework in Frameworks */,
			);
			runOnlyForDeploymentPostprocessing = 0;
		};
		CB8D3E84270DD0E70081F430 /* Frameworks */ = {
			isa = PBXFrameworksBuildPhase;
			buildActionMask = 2147483647;
			files = (
				0ED5FD1827F3CB7FBF112632 /* Pods_TestAppTests.framework in Frameworks */,
			);
			runOnlyForDeploymentPostprocessing = 0;
		};
		CB8D3E8F270DD0E70081F430 /* Frameworks */ = {
			isa = PBXFrameworksBuildPhase;
			buildActionMask = 2147483647;
			files = (
				85874B8CC4493271E8B4C185 /* Pods_TestApp_TestAppUITests.framework in Frameworks */,
			);
			runOnlyForDeploymentPostprocessing = 0;
		};
/* End PBXFrameworksBuildPhase section */

/* Begin PBXGroup section */
		0C36DCB386DA785128F1B485 /* Pods */ = {
			isa = PBXGroup;
			children = (
				CAB95A9D607401AD6A3396F8 /* Pods-TestApp.debug.xcconfig */,
				FB3AFDC75355DE02CE507935 /* Pods-TestApp.release.xcconfig */,
				BFB035377369B17E97687E8C /* Pods-TestApp-TestAppUITests.debug.xcconfig */,
				FDEA87D9B20E93F6CCFD066B /* Pods-TestApp-TestAppUITests.release.xcconfig */,
				D5C50A297FF767BCA3BEC739 /* Pods-TestAppTests.debug.xcconfig */,
				F5A18D69137986A9A747400E /* Pods-TestAppTests.release.xcconfig */,
			);
			path = Pods;
			sourceTree = "<group>";
		};
		CB8D3E68270DD0E50081F430 = {
			isa = PBXGroup;
			children = (
				CB8D3E73270DD0E50081F430 /* TestApp */,
				CB8D3E8A270DD0E70081F430 /* TestAppTests */,
				CB8D3E95270DD0E70081F430 /* TestAppUITests */,
				CB8D3E72270DD0E50081F430 /* Products */,
				0C36DCB386DA785128F1B485 /* Pods */,
				ED1F43B7ACAE97E5698729B4 /* Frameworks */,
			);
			sourceTree = "<group>";
		};
		CB8D3E72270DD0E50081F430 /* Products */ = {
			isa = PBXGroup;
			children = (
				CB8D3E71270DD0E50081F430 /* TestApp.app */,
				CB8D3E87270DD0E70081F430 /* TestAppTests.xctest */,
				CB8D3E92270DD0E70081F430 /* TestAppUITests.xctest */,
			);
			name = Products;
			sourceTree = "<group>";
		};
		CB8D3E73270DD0E50081F430 /* TestApp */ = {
			isa = PBXGroup;
			children = (
				CB8D3E74270DD0E50081F430 /* AppDelegate.swift */,
				CB8D3E76270DD0E50081F430 /* SceneDelegate.swift */,
				CB8D3E78270DD0E50081F430 /* ViewController.swift */,
				CB8D3E7A270DD0E50081F430 /* Main.storyboard */,
				CB8D3E7D270DD0E60081F430 /* Assets.xcassets */,
				CB8D3E7F270DD0E60081F430 /* LaunchScreen.storyboard */,
				CB8D3E82270DD0E60081F430 /* Info.plist */,
			);
			path = TestApp;
			sourceTree = "<group>";
		};
		CB8D3E8A270DD0E70081F430 /* TestAppTests */ = {
			isa = PBXGroup;
			children = (
				CB8D3E8B270DD0E70081F430 /* TestAppTests.swift */,
				CB8D3E8D270DD0E70081F430 /* Info.plist */,
			);
			path = TestAppTests;
			sourceTree = "<group>";
		};
		CB8D3E95270DD0E70081F430 /* TestAppUITests */ = {
			isa = PBXGroup;
			children = (
				CB8D3E96270DD0E70081F430 /* TestAppUITests.swift */,
				CB8D3E98270DD0E70081F430 /* Info.plist */,
			);
			path = TestAppUITests;
			sourceTree = "<group>";
		};
		ED1F43B7ACAE97E5698729B4 /* Frameworks */ = {
			isa = PBXGroup;
			children = (
				25AA68DC0F7EA2CC60C219D5 /* Pods_TestApp.framework */,
				907BD16A0D0F3A17A1C478E8 /* Pods_TestApp_TestAppUITests.framework */,
				952C203D4D8C84DC41D20409 /* Pods_TestAppTests.framework */,
			);
			name = Frameworks;
			sourceTree = "<group>";
		};
/* End PBXGroup section */

/* Begin PBXNativeTarget section */
		CB8D3E70270DD0E50081F430 /* TestApp */ = {
			isa = PBXNativeTarget;
			buildConfigurationList = CB8D3E9B270DD0E70081F430 /* Build configuration list for PBXNativeTarget "TestApp" */;
			buildPhases = (
				88DDBE28C31B5F9D8E0CDBC8 /* [CP] Check Pods Manifest.lock */,
				CB8D3E6D270DD0E50081F430 /* Sources */,
				CB8D3E6E270DD0E50081F430 /* Frameworks */,
				CB8D3E6F270DD0E50081F430 /* Resources */,
			);
			buildRules = (
			);
			dependencies = (
			);
			name = TestApp;
			productName = TestApp;
			productReference = CB8D3E71270DD0E50081F430 /* TestApp.app */;
			productType = "com.apple.product-type.application";
		};
		CB8D3E86270DD0E70081F430 /* TestAppTests */ = {
			isa = PBXNativeTarget;
			buildConfigurationList = CB8D3E9E270DD0E70081F430 /* Build configuration list for PBXNativeTarget "TestAppTests" */;
			buildPhases = (
				748DBB302E52A8F156B57D3E /* [CP] Check Pods Manifest.lock */,
				CB8D3E83270DD0E70081F430 /* Sources */,
				CB8D3E84270DD0E70081F430 /* Frameworks */,
				CB8D3E85270DD0E70081F430 /* Resources */,
			);
			buildRules = (
			);
			dependencies = (
				CB8D3E89270DD0E70081F430 /* PBXTargetDependency */,
			);
			name = TestAppTests;
			productName = TestAppTests;
			productReference = CB8D3E87270DD0E70081F430 /* TestAppTests.xctest */;
			productType = "com.apple.product-type.bundle.unit-test";
		};
		CB8D3E91270DD0E70081F430 /* TestAppUITests */ = {
			isa = PBXNativeTarget;
			buildConfigurationList = CB8D3EA1270DD0E70081F430 /* Build configuration list for PBXNativeTarget "TestAppUITests" */;
			buildPhases = (
				ACF28BDFA3FD6C92BF9EC0E4 /* [CP] Check Pods Manifest.lock */,
				CB8D3E8E270DD0E70081F430 /* Sources */,
				CB8D3E8F270DD0E70081F430 /* Frameworks */,
				CB8D3E90270DD0E70081F430 /* Resources */,
			);
			buildRules = (
			);
			dependencies = (
				CB8D3E94270DD0E70081F430 /* PBXTargetDependency */,
			);
			name = TestAppUITests;
			productName = TestAppUITests;
			productReference = CB8D3E92270DD0E70081F430 /* TestAppUITests.xctest */;
			productType = "com.apple.product-type.bundle.ui-testing";
		};
/* End PBXNativeTarget section */

/* Begin PBXProject section */
		CB8D3E69270DD0E50081F430 /* Project object */ = {
			isa = PBXProject;
			attributes = {
				LastSwiftUpdateCheck = 1250;
				LastUpgradeCheck = 1250;
				TargetAttributes = {
					CB8D3E70270DD0E50081F430 = {
						CreatedOnToolsVersion = 12.5.1;
					};
					CB8D3E86270DD0E70081F430 = {
						CreatedOnToolsVersion = 12.5.1;
						TestTargetID = CB8D3E70270DD0E50081F430;
					};
					CB8D3E91270DD0E70081F430 = {
						CreatedOnToolsVersion = 12.5.1;
						TestTargetID = CB8D3E70270DD0E50081F430;
					};
				};
			};
			buildConfigurationList = CB8D3E6C270DD0E50081F430 /* Build configuration list for PBXProject "TestApp" */;
			compatibilityVersion = "Xcode 9.3";
			developmentRegion = en;
			hasScannedForEncodings = 0;
			knownRegions = (
				en,
				Base,
			);
			mainGroup = CB8D3E68270DD0E50081F430;
			productRefGroup = CB8D3E72270DD0E50081F430 /* Products */;
			projectDirPath = "";
			projectRoot = "";
			targets = (
				CB8D3E70270DD0E50081F430 /* TestApp */,
				CB8D3E86270DD0E70081F430 /* TestAppTests */,
				CB8D3E91270DD0E70081F430 /* TestAppUITests */,
			);
		};
/* End PBXProject section */

/* Begin PBXResourcesBuildPhase section */
		CB8D3E6F270DD0E50081F430 /* Resources */ = {
			isa = PBXResourcesBuildPhase;
			buildActionMask = 2147483647;
			files = (
				CB8D3E81270DD0E60081F430 /* LaunchScreen.storyboard in Resources */,
				CB8D3E7E270DD0E60081F430 /* Assets.xcassets in Resources */,
				CB8D3E7C270DD0E50081F430 /* Main.storyboard in Resources */,
			);
			runOnlyForDeploymentPostprocessing = 0;
		};
		CB8D3E85270DD0E70081F430 /* Resources */ = {
			isa = PBXResourcesBuildPhase;
			buildActionMask = 2147483647;
			files = (
			);
			runOnlyForDeploymentPostprocessing = 0;
		};
		CB8D3E90270DD0E70081F430 /* Resources */ = {
			isa = PBXResourcesBuildPhase;
			buildActionMask = 2147483647;
			files = (
			);
			runOnlyForDeploymentPostprocessing = 0;
		};
/* End PBXResourcesBuildPhase section */

/* Begin PBXShellScriptBuildPhase section */
		748DBB302E52A8F156B57D3E /* [CP] Check Pods Manifest.lock */ = {
			isa = PBXShellScriptBuildPhase;
			buildActionMask = 2147483647;
			files = (
			);
			inputFileListPaths = (
			);
			inputPaths = (
				"${PODS_PODFILE_DIR_PATH}/Podfile.lock",
				"${PODS_ROOT}/Manifest.lock",
			);
			name = "[CP] Check Pods Manifest.lock";
			outputFileListPaths = (
			);
			outputPaths = (
				"$(DERIVED_FILE_DIR)/Pods-TestAppTests-checkManifestLockResult.txt",
			);
			runOnlyForDeploymentPostprocessing = 0;
			shellPath = /bin/sh;
			shellScript = "diff \"${PODS_PODFILE_DIR_PATH}/Podfile.lock\" \"${PODS_ROOT}/Manifest.lock\" > /dev/null\nif [ $? != 0 ] ; then\n    # print error to STDERR\n    echo \"error: The sandbox is not in sync with the Podfile.lock. Run 'pod install' or update your CocoaPods installation.\" >&2\n    exit 1\nfi\n# This output is used by Xcode 'outputs' to avoid re-running this script phase.\necho \"SUCCESS\" > \"${SCRIPT_OUTPUT_FILE_0}\"\n";
			showEnvVarsInLog = 0;
		};
		88DDBE28C31B5F9D8E0CDBC8 /* [CP] Check Pods Manifest.lock */ = {
			isa = PBXShellScriptBuildPhase;
			buildActionMask = 2147483647;
			files = (
			);
			inputFileListPaths = (
			);
			inputPaths = (
				"${PODS_PODFILE_DIR_PATH}/Podfile.lock",
				"${PODS_ROOT}/Manifest.lock",
			);
			name = "[CP] Check Pods Manifest.lock";
			outputFileListPaths = (
			);
			outputPaths = (
				"$(DERIVED_FILE_DIR)/Pods-TestApp-checkManifestLockResult.txt",
			);
			runOnlyForDeploymentPostprocessing = 0;
			shellPath = /bin/sh;
			shellScript = "diff \"${PODS_PODFILE_DIR_PATH}/Podfile.lock\" \"${PODS_ROOT}/Manifest.lock\" > /dev/null\nif [ $? != 0 ] ; then\n    # print error to STDERR\n    echo \"error: The sandbox is not in sync with the Podfile.lock. Run 'pod install' or update your CocoaPods installation.\" >&2\n    exit 1\nfi\n# This output is used by Xcode 'outputs' to avoid re-running this script phase.\necho \"SUCCESS\" > \"${SCRIPT_OUTPUT_FILE_0}\"\n";
			showEnvVarsInLog = 0;
		};
		ACF28BDFA3FD6C92BF9EC0E4 /* [CP] Check Pods Manifest.lock */ = {
			isa = PBXShellScriptBuildPhase;
			buildActionMask = 2147483647;
			files = (
			);
			inputFileListPaths = (
			);
			inputPaths = (
				"${PODS_PODFILE_DIR_PATH}/Podfile.lock",
				"${PODS_ROOT}/Manifest.lock",
			);
			name = "[CP] Check Pods Manifest.lock";
			outputFileListPaths = (
			);
			outputPaths = (
				"$(DERIVED_FILE_DIR)/Pods-TestApp-TestAppUITests-checkManifestLockResult.txt",
			);
			runOnlyForDeploymentPostprocessing = 0;
			shellPath = /bin/sh;
			shellScript = "diff \"${PODS_PODFILE_DIR_PATH}/Podfile.lock\" \"${PODS_ROOT}/Manifest.lock\" > /dev/null\nif [ $? != 0 ] ; then\n    # print error to STDERR\n    echo \"error: The sandbox is not in sync with the Podfile.lock. Run 'pod install' or update your CocoaPods installation.\" >&2\n    exit 1\nfi\n# This output is used by Xcode 'outputs' to avoid re-running this script phase.\necho \"SUCCESS\" > \"${SCRIPT_OUTPUT_FILE_0}\"\n";
			showEnvVarsInLog = 0;
		};
/* End PBXShellScriptBuildPhase section */

/* Begin PBXSourcesBuildPhase section */
		CB8D3E6D270DD0E50081F430 /* Sources */ = {
			isa = PBXSourcesBuildPhase;
			buildActionMask = 2147483647;
			files = (
				CB8D3E79270DD0E50081F430 /* ViewController.swift in Sources */,
				CB8D3E75270DD0E50081F430 /* AppDelegate.swift in Sources */,
				CB8D3E77270DD0E50081F430 /* SceneDelegate.swift in Sources */,
			);
			runOnlyForDeploymentPostprocessing = 0;
		};
		CB8D3E83270DD0E70081F430 /* Sources */ = {
			isa = PBXSourcesBuildPhase;
			buildActionMask = 2147483647;
			files = (
				CB8D3E8C270DD0E70081F430 /* TestAppTests.swift in Sources */,
			);
			runOnlyForDeploymentPostprocessing = 0;
		};
		CB8D3E8E270DD0E70081F430 /* Sources */ = {
			isa = PBXSourcesBuildPhase;
			buildActionMask = 2147483647;
			files = (
				CB8D3E97270DD0E70081F430 /* TestAppUITests.swift in Sources */,
			);
			runOnlyForDeploymentPostprocessing = 0;
		};
/* End PBXSourcesBuildPhase section */

/* Begin PBXTargetDependency section */
		CB8D3E89270DD0E70081F430 /* PBXTargetDependency */ = {
			isa = PBXTargetDependency;
			target = CB8D3E70270DD0E50081F430 /* TestApp */;
			targetProxy = CB8D3E88270DD0E70081F430 /* PBXContainerItemProxy */;
		};
		CB8D3E94270DD0E70081F430 /* PBXTargetDependency */ = {
			isa = PBXTargetDependency;
			target = CB8D3E70270DD0E50081F430 /* TestApp */;
			targetProxy = CB8D3E93270DD0E70081F430 /* PBXContainerItemProxy */;
		};
/* End PBXTargetDependency section */

/* Begin PBXVariantGroup section */
		CB8D3E7A270DD0E50081F430 /* Main.storyboard */ = {
			isa = PBXVariantGroup;
			children = (
				CB8D3E7B270DD0E50081F430 /* Base */,
			);
			name = Main.storyboard;
			sourceTree = "<group>";
		};
		CB8D3E7F270DD0E60081F430 /* LaunchScreen.storyboard */ = {
			isa = PBXVariantGroup;
			children = (
				CB8D3E80270DD0E60081F430 /* Base */,
			);
			name = LaunchScreen.storyboard;
			sourceTree = "<group>";
		};
/* End PBXVariantGroup section */

/* Begin XCBuildConfiguration section */
		CB8D3E99270DD0E70081F430 /* Debug */ = {
			isa = XCBuildConfiguration;
			buildSettings = {
				ALWAYS_SEARCH_USER_PATHS = NO;
				CLANG_ANALYZER_NONNULL = YES;
				CLANG_ANALYZER_NUMBER_OBJECT_CONVERSION = YES_AGGRESSIVE;
				CLANG_CXX_LANGUAGE_STANDARD = "gnu++14";
				CLANG_CXX_LIBRARY = "libc++";
				CLANG_ENABLE_MODULES = YES;
				CLANG_ENABLE_OBJC_ARC = YES;
				CLANG_ENABLE_OBJC_WEAK = YES;
				CLANG_WARN_BLOCK_CAPTURE_AUTORELEASING = YES;
				CLANG_WARN_BOOL_CONVERSION = YES;
				CLANG_WARN_COMMA = YES;
				CLANG_WARN_CONSTANT_CONVERSION = YES;
				CLANG_WARN_DEPRECATED_OBJC_IMPLEMENTATIONS = YES;
				CLANG_WARN_DIRECT_OBJC_ISA_USAGE = YES_ERROR;
				CLANG_WARN_DOCUMENTATION_COMMENTS = YES;
				CLANG_WARN_EMPTY_BODY = YES;
				CLANG_WARN_ENUM_CONVERSION = YES;
				CLANG_WARN_INFINITE_RECURSION = YES;
				CLANG_WARN_INT_CONVERSION = YES;
				CLANG_WARN_NON_LITERAL_NULL_CONVERSION = YES;
				CLANG_WARN_OBJC_IMPLICIT_RETAIN_SELF = YES;
				CLANG_WARN_OBJC_LITERAL_CONVERSION = YES;
				CLANG_WARN_OBJC_ROOT_CLASS = YES_ERROR;
				CLANG_WARN_QUOTED_INCLUDE_IN_FRAMEWORK_HEADER = YES;
				CLANG_WARN_RANGE_LOOP_ANALYSIS = YES;
				CLANG_WARN_STRICT_PROTOTYPES = YES;
				CLANG_WARN_SUSPICIOUS_MOVE = YES;
				CLANG_WARN_UNGUARDED_AVAILABILITY = YES_AGGRESSIVE;
				CLANG_WARN_UNREACHABLE_CODE = YES;
				CLANG_WARN__DUPLICATE_METHOD_MATCH = YES;
				COPY_PHASE_STRIP = NO;
				DEBUG_INFORMATION_FORMAT = dwarf;
				ENABLE_STRICT_OBJC_MSGSEND = YES;
				ENABLE_TESTABILITY = YES;
				GCC_C_LANGUAGE_STANDARD = gnu11;
				GCC_DYNAMIC_NO_PIC = NO;
				GCC_NO_COMMON_BLOCKS = YES;
				GCC_OPTIMIZATION_LEVEL = 0;
				GCC_PREPROCESSOR_DEFINITIONS = (
					"DEBUG=1",
					"$(inherited)",
				);
				GCC_WARN_64_TO_32_BIT_CONVERSION = YES;
				GCC_WARN_ABOUT_RETURN_TYPE = YES_ERROR;
				GCC_WARN_UNDECLARED_SELECTOR = YES;
				GCC_WARN_UNINITIALIZED_AUTOS = YES_AGGRESSIVE;
				GCC_WARN_UNUSED_FUNCTION = YES;
				GCC_WARN_UNUSED_VARIABLE = YES;
				IPHONEOS_DEPLOYMENT_TARGET = 14.1;
				MTL_ENABLE_DEBUG_INFO = INCLUDE_SOURCE;
				MTL_FAST_MATH = YES;
				ONLY_ACTIVE_ARCH = YES;
				SDKROOT = iphoneos;
				SWIFT_ACTIVE_COMPILATION_CONDITIONS = DEBUG;
				SWIFT_OPTIMIZATION_LEVEL = "-Onone";
			};
			name = Debug;
		};
		CB8D3E9A270DD0E70081F430 /* Release */ = {
			isa = XCBuildConfiguration;
			buildSettings = {
				ALWAYS_SEARCH_USER_PATHS = NO;
				CLANG_ANALYZER_NONNULL = YES;
				CLANG_ANALYZER_NUMBER_OBJECT_CONVERSION = YES_AGGRESSIVE;
				CLANG_CXX_LANGUAGE_STANDARD = "gnu++14";
				CLANG_CXX_LIBRARY = "libc++";
				CLANG_ENABLE_MODULES = YES;
				CLANG_ENABLE_OBJC_ARC = YES;
				CLANG_ENABLE_OBJC_WEAK = YES;
				CLANG_WARN_BLOCK_CAPTURE_AUTORELEASING = YES;
				CLANG_WARN_BOOL_CONVERSION = YES;
				CLANG_WARN_COMMA = YES;
				CLANG_WARN_CONSTANT_CONVERSION = YES;
				CLANG_WARN_DEPRECATED_OBJC_IMPLEMENTATIONS = YES;
				CLANG_WARN_DIRECT_OBJC_ISA_USAGE = YES_ERROR;
				CLANG_WARN_DOCUMENTATION_COMMENTS = YES;
				CLANG_WARN_EMPTY_BODY = YES;
				CLANG_WARN_ENUM_CONVERSION = YES;
				CLANG_WARN_INFINITE_RECURSION = YES;
				CLANG_WARN_INT_CONVERSION = YES;
				CLANG_WARN_NON_LITERAL_NULL_CONVERSION = YES;
				CLANG_WARN_OBJC_IMPLICIT_RETAIN_SELF = YES;
				CLANG_WARN_OBJC_LITERAL_CONVERSION = YES;
				CLANG_WARN_OBJC_ROOT_CLASS = YES_ERROR;
				CLANG_WARN_QUOTED_INCLUDE_IN_FRAMEWORK_HEADER = YES;
				CLANG_WARN_RANGE_LOOP_ANALYSIS = YES;
				CLANG_WARN_STRICT_PROTOTYPES = YES;
				CLANG_WARN_SUSPICIOUS_MOVE = YES;
				CLANG_WARN_UNGUARDED_AVAILABILITY = YES_AGGRESSIVE;
				CLANG_WARN_UNREACHABLE_CODE = YES;
				CLANG_WARN__DUPLICATE_METHOD_MATCH = YES;
				COPY_PHASE_STRIP = NO;
				DEBUG_INFORMATION_FORMAT = "dwarf-with-dsym";
				ENABLE_NS_ASSERTIONS = NO;
				ENABLE_STRICT_OBJC_MSGSEND = YES;
				GCC_C_LANGUAGE_STANDARD = gnu11;
				GCC_NO_COMMON_BLOCKS = YES;
				GCC_WARN_64_TO_32_BIT_CONVERSION = YES;
				GCC_WARN_ABOUT_RETURN_TYPE = YES_ERROR;
				GCC_WARN_UNDECLARED_SELECTOR = YES;
				GCC_WARN_UNINITIALIZED_AUTOS = YES_AGGRESSIVE;
				GCC_WARN_UNUSED_FUNCTION = YES;
				GCC_WARN_UNUSED_VARIABLE = YES;
				IPHONEOS_DEPLOYMENT_TARGET = 14.1;
				MTL_ENABLE_DEBUG_INFO = NO;
				MTL_FAST_MATH = YES;
				SDKROOT = iphoneos;
				SWIFT_COMPILATION_MODE = wholemodule;
				SWIFT_OPTIMIZATION_LEVEL = "-O";
				VALIDATE_PRODUCT = YES;
			};
			name = Release;
		};
		CB8D3E9C270DD0E70081F430 /* Debug */ = {
			isa = XCBuildConfiguration;
			baseConfigurationReference = CAB95A9D607401AD6A3396F8 /* Pods-TestApp.debug.xcconfig */;
			buildSettings = {
				ASSETCATALOG_COMPILER_APPICON_NAME = AppIcon;
				ASSETCATALOG_COMPILER_GLOBAL_ACCENT_COLOR_NAME = AccentColor;
				CODE_SIGN_STYLE = Automatic;
				DEVELOPMENT_TEAM = XT64U8RD27;
				INFOPLIST_FILE = TestApp/Info.plist;
				IPHONEOS_DEPLOYMENT_TARGET = 14.1;
				LD_RUNPATH_SEARCH_PATHS = (
					"$(inherited)",
					"@executable_path/Frameworks",
				);
				PRODUCT_BUNDLE_IDENTIFIER = nastyouth.TestApp;
				PRODUCT_NAME = "$(TARGET_NAME)";
				SWIFT_VERSION = 5.0;
				TARGETED_DEVICE_FAMILY = "1,2";
			};
			name = Debug;
		};
		CB8D3E9D270DD0E70081F430 /* Release */ = {
			isa = XCBuildConfiguration;
			baseConfigurationReference = FB3AFDC75355DE02CE507935 /* Pods-TestApp.release.xcconfig */;
			buildSettings = {
				ASSETCATALOG_COMPILER_APPICON_NAME = AppIcon;
				ASSETCATALOG_COMPILER_GLOBAL_ACCENT_COLOR_NAME = AccentColor;
				CODE_SIGN_STYLE = Automatic;
				DEVELOPMENT_TEAM = XT64U8RD27;
				INFOPLIST_FILE = TestApp/Info.plist;
				IPHONEOS_DEPLOYMENT_TARGET = 14.1;
				LD_RUNPATH_SEARCH_PATHS = (
					"$(inherited)",
					"@executable_path/Frameworks",
				);
				PRODUCT_BUNDLE_IDENTIFIER = nastyouth.TestApp;
				PRODUCT_NAME = "$(TARGET_NAME)";
				SWIFT_VERSION = 5.0;
				TARGETED_DEVICE_FAMILY = "1,2";
			};
			name = Release;
		};
		CB8D3E9F270DD0E70081F430 /* Debug */ = {
			isa = XCBuildConfiguration;
			baseConfigurationReference = D5C50A297FF767BCA3BEC739 /* Pods-TestAppTests.debug.xcconfig */;
			buildSettings = {
				ALWAYS_EMBED_SWIFT_STANDARD_LIBRARIES = YES;
				BUNDLE_LOADER = "$(TEST_HOST)";
				CODE_SIGN_STYLE = Automatic;
				DEVELOPMENT_TEAM = XT64U8RD27;
				INFOPLIST_FILE = TestAppTests/Info.plist;
				IPHONEOS_DEPLOYMENT_TARGET = 14.5;
				LD_RUNPATH_SEARCH_PATHS = (
					"$(inherited)",
					"@executable_path/Frameworks",
					"@loader_path/Frameworks",
				);
				PRODUCT_BUNDLE_IDENTIFIER = nastyouth.TestAppTests;
				PRODUCT_NAME = "$(TARGET_NAME)";
				SWIFT_VERSION = 5.0;
				TARGETED_DEVICE_FAMILY = "1,2";
				TEST_HOST = "$(BUILT_PRODUCTS_DIR)/TestApp.app/TestApp";
			};
			name = Debug;
		};
		CB8D3EA0270DD0E70081F430 /* Release */ = {
			isa = XCBuildConfiguration;
			baseConfigurationReference = F5A18D69137986A9A747400E /* Pods-TestAppTests.release.xcconfig */;
			buildSettings = {
				ALWAYS_EMBED_SWIFT_STANDARD_LIBRARIES = YES;
				BUNDLE_LOADER = "$(TEST_HOST)";
				CODE_SIGN_STYLE = Automatic;
				DEVELOPMENT_TEAM = XT64U8RD27;
				INFOPLIST_FILE = TestAppTests/Info.plist;
				IPHONEOS_DEPLOYMENT_TARGET = 14.5;
				LD_RUNPATH_SEARCH_PATHS = (
					"$(inherited)",
					"@executable_path/Frameworks",
					"@loader_path/Frameworks",
				);
				PRODUCT_BUNDLE_IDENTIFIER = nastyouth.TestAppTests;
				PRODUCT_NAME = "$(TARGET_NAME)";
				SWIFT_VERSION = 5.0;
				TARGETED_DEVICE_FAMILY = "1,2";
				TEST_HOST = "$(BUILT_PRODUCTS_DIR)/TestApp.app/TestApp";
			};
			name = Release;
		};
		CB8D3EA2270DD0E70081F430 /* Debug */ = {
			isa = XCBuildConfiguration;
			baseConfigurationReference = BFB035377369B17E97687E8C /* Pods-TestApp-TestAppUITests.debug.xcconfig */;
			buildSettings = {
				ALWAYS_EMBED_SWIFT_STANDARD_LIBRARIES = YES;
				CODE_SIGN_STYLE = Automatic;
				DEVELOPMENT_TEAM = XT64U8RD27;
				INFOPLIST_FILE = TestAppUITests/Info.plist;
				LD_RUNPATH_SEARCH_PATHS = (
					"$(inherited)",
					"@executable_path/Frameworks",
					"@loader_path/Frameworks",
				);
				PRODUCT_BUNDLE_IDENTIFIER = nastyouth.TestAppUITests;
				PRODUCT_NAME = "$(TARGET_NAME)";
				SWIFT_VERSION = 5.0;
				TARGETED_DEVICE_FAMILY = "1,2";
				TEST_TARGET_NAME = TestApp;
			};
			name = Debug;
		};
		CB8D3EA3270DD0E70081F430 /* Release */ = {
			isa = XCBuildConfiguration;
			baseConfigurationReference = FDEA87D9B20E93F6CCFD066B /* Pods-TestApp-TestAppUITests.release.xcconfig */;
			buildSettings = {
				ALWAYS_EMBED_SWIFT_STANDARD_LIBRARIES = YES;
				CODE_SIGN_STYLE = Automatic;
				DEVELOPMENT_TEAM = XT64U8RD27;
				INFOPLIST_FILE = TestAppUITests/Info.plist;
				LD_RUNPATH_SEARCH_PATHS = (
					"$(inherited)",
					"@executable_path/Frameworks",
					"@loader_path/Frameworks",
				);
				PRODUCT_BUNDLE_IDENTIFIER = nastyouth.TestAppUITests;
				PRODUCT_NAME = "$(TARGET_NAME)";
				SWIFT_VERSION = 5.0;
				TARGETED_DEVICE_FAMILY = "1,2";
				TEST_TARGET_NAME = TestApp;
			};
			name = Release;
		};
/* End XCBuildConfiguration section */

/* Begin XCConfigurationList section */
		CB8D3E6C270DD0E50081F430 /* Build configuration list for PBXProject "TestApp" */ = {
			isa = XCConfigurationList;
			buildConfigurations = (
				CB8D3E99270DD0E70081F430 /* Debug */,
				CB8D3E9A270DD0E70081F430 /* Release */,
			);
			defaultConfigurationIsVisible = 0;
			defaultConfigurationName = Release;
		};
		CB8D3E9B270DD0E70081F430 /* Build configuration list for PBXNativeTarget "TestApp" */ = {
			isa = XCConfigurationList;
			buildConfigurations = (
				CB8D3E9C270DD0E70081F430 /* Debug */,
				CB8D3E9D270DD0E70081F430 /* Release */,
			);
			defaultConfigurationIsVisible = 0;
			defaultConfigurationName = Release;
		};
		CB8D3E9E270DD0E70081F430 /* Build configuration list for PBXNativeTarget "TestAppTests" */ = {
			isa = XCConfigurationList;
			buildConfigurations = (
				CB8D3E9F270DD0E70081F430 /* Debug */,
				CB8D3EA0270DD0E70081F430 /* Release */,
			);
			defaultConfigurationIsVisible = 0;
			defaultConfigurationName = Release;
		};
		CB8D3EA1270DD0E70081F430 /* Build configuration list for PBXNativeTarget "TestAppUITests" */ = {
			isa = XCConfigurationList;
			buildConfigurations = (
				CB8D3EA2270DD0E70081F430 /* Debug */,
				CB8D3EA3270DD0E70081F430 /* Release */,
			);
			defaultConfigurationIsVisible = 0;
			defaultConfigurationName = Release;
		};
/* End XCConfigurationList section */
	};
	rootObject = CB8D3E69270DD0E50081F430 /* Project object */;
}
